
Microsoft Visual Studio Solution File, Format Version 12.00
# Visual Studio 15
VisualStudioVersion = 15.0.28010.2026
MinimumVisualStudioVersion = 10.0.40219.1
Project("{FAE04EC0-301F-11D3-BF4B-00C04F79EFBC}") = "Diabete_Assistant.Android", "Diabete_Assistant\Diabete_Assistant.Android\Diabete_Assistant.Android.csproj", "{393B0037-4DCA-4440-8CCC-A772677E8920}"
EndProject
Project("{FAE04EC0-301F-11D3-BF4B-00C04F79EFBC}") = "Diabete_Assistant.iOS", "Diabete_Assistant\Diabete_Assistant.iOS\Diabete_Assistant.iOS.csproj", "{274C205B-9CB1-4066-BA53-2ED2B053EB51}"
EndProject
Project("{FAE04EC0-301F-11D3-BF4B-00C04F79EFBC}") = "Diabete_Assistant.UWP", "Diabete_Assistant\Diabete_Assistant.UWP\Diabete_Assistant.UWP.csproj", "{9603AE07-60E5-4085-B0F3-306946EEEDC1}"
EndProject
Project("{FAE04EC0-301F-11D3-BF4B-00C04F79EFBC}") = "Diabete_Assistant", "Diabete_Assistant\Diabete_Assistant\Diabete_Assistant.csproj", "{6867C8BE-4D87-4CFB-B906-C25CF48F4683}"
EndProject
Global
	GlobalSection(SolutionConfigurationPlatforms) = preSolution
		Ad-Hoc|Any CPU = Ad-Hoc|Any CPU
		Ad-Hoc|ARM = Ad-Hoc|ARM
		Ad-Hoc|iPhone = Ad-Hoc|iPhone
		Ad-Hoc|iPhoneSimulator = Ad-Hoc|iPhoneSimulator
		Ad-Hoc|x64 = Ad-Hoc|x64
		Ad-Hoc|x86 = Ad-Hoc|x86
		AppStore|Any CPU = AppStore|Any CPU
		AppStore|ARM = AppStore|ARM
		AppStore|iPhone = AppStore|iPhone
		AppStore|iPhoneSimulator = AppStore|iPhoneSimulator
		AppStore|x64 = AppStore|x64
		AppStore|x86 = AppStore|x86
		Debug|Any CPU = Debug|Any CPU
		Debug|ARM = Debug|ARM
		Debug|iPhone = Debug|iPhone
		Debug|iPhoneSimulator = Debug|iPhoneSimulator
		Debug|x64 = Debug|x64
		Debug|x86 = Debug|x86
		Release|Any CPU = Release|Any CPU
		Release|ARM = Release|ARM
		Release|iPhone = Release|iPhone
		Release|iPhoneSimulator = Release|iPhoneSimulator
		Release|x64 = Release|x64
		Release|x86 = Release|x86
	EndGlobalSection
	GlobalSection(ProjectConfigurationPlatforms) = postSolution
		{393B0037-4DCA-4440-8CCC-A772677E8920}.Ad-Hoc|Any CPU.ActiveCfg = Release|Any CPU
		{393B0037-4DCA-4440-8CCC-A772677E8920}.Ad-Hoc|Any CPU.Build.0 = Release|Any CPU
		{393B0037-4DCA-4440-8CCC-A772677E8920}.Ad-Hoc|Any CPU.Deploy.0 = Release|Any CPU
		{393B0037-4DCA-4440-8CCC-A772677E8920}.Ad-Hoc|ARM.ActiveCfg = Release|Any CPU
		{393B0037-4DCA-4440-8CCC-A772677E8920}.Ad-Hoc|ARM.Build.0 = Release|Any CPU
		{393B0037-4DCA-4440-8CCC-A772677E8920}.Ad-Hoc|ARM.Deploy.0 = Release|Any CPU
		{393B0037-4DCA-4440-8CCC-A772677E8920}.Ad-Hoc|iPhone.ActiveCfg = Release|Any CPU
		{393B0037-4DCA-4440-8CCC-A772677E8920}.Ad-Hoc|iPhone.Build.0 = Release|Any CPU
		{393B0037-4DCA-4440-8CCC-A772677E8920}.Ad-Hoc|iPhone.Deploy.0 = Release|Any CPU
		{393B0037-4DCA-4440-8CCC-A772677E8920}.Ad-Hoc|iPhoneSimulator.ActiveCfg = Release|Any CPU
		{393B0037-4DCA-4440-8CCC-A772677E8920}.Ad-Hoc|iPhoneSimulator.Build.0 = Release|Any CPU
		{393B0037-4DCA-4440-8CCC-A772677E8920}.Ad-Hoc|iPhoneSimulator.Deploy.0 = Release|Any CPU
		{393B0037-4DCA-4440-8CCC-A772677E8920}.Ad-Hoc|x64.ActiveCfg = Release|Any CPU
		{393B0037-4DCA-4440-8CCC-A772677E8920}.Ad-Hoc|x64.Build.0 = Release|Any CPU
		{393B0037-4DCA-4440-8CCC-A772677E8920}.Ad-Hoc|x64.Deploy.0 = Release|Any CPU
		{393B0037-4DCA-4440-8CCC-A772677E8920}.Ad-Hoc|x86.ActiveCfg = Release|Any CPU
		{393B0037-4DCA-4440-8CCC-A772677E8920}.Ad-Hoc|x86.Build.0 = Release|Any CPU
		{393B0037-4DCA-4440-8CCC-A772677E8920}.Ad-Hoc|x86.Deploy.0 = Release|Any CPU
		{393B0037-4DCA-4440-8CCC-A772677E8920}.AppStore|Any CPU.ActiveCfg = Release|Any CPU
		{393B0037-4DCA-4440-8CCC-A772677E8920}.AppStore|Any CPU.Build.0 = Release|Any CPU
		{393B0037-4DCA-4440-8CCC-A772677E8920}.AppStore|Any CPU.Deploy.0 = Release|Any CPU
		{393B0037-4DCA-4440-8CCC-A772677E8920}.AppStore|ARM.ActiveCfg = Release|Any CPU
		{393B0037-4DCA-4440-8CCC-A772677E8920}.AppStore|ARM.Build.0 = Release|Any CPU
		{393B0037-4DCA-4440-8CCC-A772677E8920}.AppStore|ARM.Deploy.0 = Release|Any CPU
		{393B0037-4DCA-4440-8CCC-A772677E8920}.AppStore|iPhone.ActiveCfg = Release|Any CPU
		{393B0037-4DCA-4440-8CCC-A772677E8920}.AppStore|iPhone.Build.0 = Release|Any CPU
		{393B0037-4DCA-4440-8CCC-A772677E8920}.AppStore|iPhone.Deploy.0 = Release|Any CPU
		{393B0037-4DCA-4440-8CCC-A772677E8920}.AppStore|iPhoneSimulator.ActiveCfg = Release|Any CPU
		{393B0037-4DCA-4440-8CCC-A772677E8920}.AppStore|iPhoneSimulator.Build.0 = Release|Any CPU
		{393B0037-4DCA-4440-8CCC-A772677E8920}.AppStore|iPhoneSimulator.Deploy.0 = Release|Any CPU
		{393B0037-4DCA-4440-8CCC-A772677E8920}.AppStore|x64.ActiveCfg = Release|Any CPU
		{393B0037-4DCA-4440-8CCC-A772677E8920}.AppStore|x64.Build.0 = Release|Any CPU
		{393B0037-4DCA-4440-8CCC-A772677E8920}.AppStore|x64.Deploy.0 = Release|Any CPU
		{393B0037-4DCA-4440-8CCC-A772677E8920}.AppStore|x86.ActiveCfg = Release|Any CPU
		{393B0037-4DCA-4440-8CCC-A772677E8920}.AppStore|x86.Build.0 = Release|Any CPU
		{393B0037-4DCA-4440-8CCC-A772677E8920}.AppStore|x86.Deploy.0 = Release|Any CPU
		{393B0037-4DCA-4440-8CCC-A772677E8920}.Debug|Any CPU.ActiveCfg = Debug|Any CPU
		{393B0037-4DCA-4440-8CCC-A772677E8920}.Debug|Any CPU.Build.0 = Debug|Any CPU
		{393B0037-4DCA-4440-8CCC-A772677E8920}.Debug|Any CPU.Deploy.0 = Debug|Any CPU
		{393B0037-4DCA-4440-8CCC-A772677E8920}.Debug|ARM.ActiveCfg = Debug|Any CPU
		{393B0037-4DCA-4440-8CCC-A772677E8920}.Debug|ARM.Build.0 = Debug|Any CPU
		{393B0037-4DCA-4440-8CCC-A772677E8920}.Debug|ARM.Deploy.0 = Debug|Any CPU
		{393B0037-4DCA-4440-8CCC-A772677E8920}.Debug|iPhone.ActiveCfg = Debug|Any CPU
		{393B0037-4DCA-4440-8CCC-A772677E8920}.Debug|iPhone.Build.0 = Debug|Any CPU
		{393B0037-4DCA-4440-8CCC-A772677E8920}.Debug|iPhone.Deploy.0 = Debug|Any CPU
		{393B0037-4DCA-4440-8CCC-A772677E8920}.Debug|iPhoneSimulator.ActiveCfg = Debug|Any CPU
		{393B0037-4DCA-4440-8CCC-A772677E8920}.Debug|iPhoneSimulator.Build.0 = Debug|Any CPU
		{393B0037-4DCA-4440-8CCC-A772677E8920}.Debug|iPhoneSimulator.Deploy.0 = Debug|Any CPU
		{393B0037-4DCA-4440-8CCC-A772677E8920}.Debug|x64.ActiveCfg = Debug|Any CPU
		{393B0037-4DCA-4440-8CCC-A772677E8920}.Debug|x64.Build.0 = Debug|Any CPU
		{393B0037-4DCA-4440-8CCC-A772677E8920}.Debug|x64.Deploy.0 = Debug|Any CPU
		{393B0037-4DCA-4440-8CCC-A772677E8920}.Debug|x86.ActiveCfg = Debug|Any CPU
		{393B0037-4DCA-4440-8CCC-A772677E8920}.Debug|x86.Build.0 = Debug|Any CPU
		{393B0037-4DCA-4440-8CCC-A772677E8920}.Debug|x86.Deploy.0 = Debug|Any CPU
		{393B0037-4DCA-4440-8CCC-A772677E8920}.Release|Any CPU.ActiveCfg = Release|Any CPU
		{393B0037-4DCA-4440-8CCC-A772677E8920}.Release|Any CPU.Build.0 = Release|Any CPU
		{393B0037-4DCA-4440-8CCC-A772677E8920}.Release|Any CPU.Deploy.0 = Release|Any CPU
		{393B0037-4DCA-4440-8CCC-A772677E8920}.Release|ARM.ActiveCfg = Release|Any CPU
		{393B0037-4DCA-4440-8CCC-A772677E8920}.Release|ARM.Build.0 = Release|Any CPU
		{393B0037-4DCA-4440-8CCC-A772677E8920}.Release|ARM.Deploy.0 = Release|Any CPU
		{393B0037-4DCA-4440-8CCC-A772677E8920}.Release|iPhone.ActiveCfg = Release|Any CPU
		{393B0037-4DCA-4440-8CCC-A772677E8920}.Release|iPhone.Build.0 = Release|Any CPU
		{393B0037-4DCA-4440-8CCC-A772677E8920}.Release|iPhone.Deploy.0 = Release|Any CPU
		{393B0037-4DCA-4440-8CCC-A772677E8920}.Release|iPhoneSimulator.ActiveCfg = Release|Any CPU
		{393B0037-4DCA-4440-8CCC-A772677E8920}.Release|iPhoneSimulator.Build.0 = Release|Any CPU
		{393B0037-4DCA-4440-8CCC-A772677E8920}.Release|iPhoneSimulator.Deploy.0 = Release|Any CPU
		{393B0037-4DCA-4440-8CCC-A772677E8920}.Release|x64.ActiveCfg = Release|Any CPU
		{393B0037-4DCA-4440-8CCC-A772677E8920}.Release|x64.Build.0 = Release|Any CPU
		{393B0037-4DCA-4440-8CCC-A772677E8920}.Release|x64.Deploy.0 = Release|Any CPU
		{393B0037-4DCA-4440-8CCC-A772677E8920}.Release|x86.ActiveCfg = Release|Any CPU
		{393B0037-4DCA-4440-8CCC-A772677E8920}.Release|x86.Build.0 = Release|Any CPU
		{393B0037-4DCA-4440-8CCC-A772677E8920}.Release|x86.Deploy.0 = Release|Any CPU
		{274C205B-9CB1-4066-BA53-2ED2B053EB51}.Ad-Hoc|Any CPU.ActiveCfg = Ad-Hoc|iPhone
		{274C205B-9CB1-4066-BA53-2ED2B053EB51}.Ad-Hoc|Any CPU.Build.0 = Ad-Hoc|iPhone
		{274C205B-9CB1-4066-BA53-2ED2B053EB51}.Ad-Hoc|Any CPU.Deploy.0 = Ad-Hoc|iPhone
		{274C205B-9CB1-4066-BA53-2ED2B053EB51}.Ad-Hoc|ARM.ActiveCfg = Ad-Hoc|iPhone
		{274C205B-9CB1-4066-BA53-2ED2B053EB51}.Ad-Hoc|ARM.Build.0 = Ad-Hoc|iPhone
		{274C205B-9CB1-4066-BA53-2ED2B053EB51}.Ad-Hoc|ARM.Deploy.0 = Ad-Hoc|iPhone
		{274C205B-9CB1-4066-BA53-2ED2B053EB51}.Ad-Hoc|iPhone.ActiveCfg = Ad-Hoc|iPhone
		{274C205B-9CB1-4066-BA53-2ED2B053EB51}.Ad-Hoc|iPhone.Build.0 = Ad-Hoc|iPhone
		{274C205B-9CB1-4066-BA53-2ED2B053EB51}.Ad-Hoc|iPhone.Deploy.0 = Ad-Hoc|iPhone
		{274C205B-9CB1-4066-BA53-2ED2B053EB51}.Ad-Hoc|iPhoneSimulator.ActiveCfg = Ad-Hoc|iPhoneSimulator
		{274C205B-9CB1-4066-BA53-2ED2B053EB51}.Ad-Hoc|iPhoneSimulator.Build.0 = Ad-Hoc|iPhoneSimulator
		{274C205B-9CB1-4066-BA53-2ED2B053EB51}.Ad-Hoc|iPhoneSimulator.Deploy.0 = Ad-Hoc|iPhoneSimulator
		{274C205B-9CB1-4066-BA53-2ED2B053EB51}.Ad-Hoc|x64.ActiveCfg = Ad-Hoc|iPhone
		{274C205B-9CB1-4066-BA53-2ED2B053EB51}.Ad-Hoc|x64.Build.0 = Ad-Hoc|iPhone
		{274C205B-9CB1-4066-BA53-2ED2B053EB51}.Ad-Hoc|x64.Deploy.0 = Ad-Hoc|iPhone
		{274C205B-9CB1-4066-BA53-2ED2B053EB51}.Ad-Hoc|x86.ActiveCfg = Ad-Hoc|iPhone
		{274C205B-9CB1-4066-BA53-2ED2B053EB51}.Ad-Hoc|x86.Build.0 = Ad-Hoc|iPhone
		{274C205B-9CB1-4066-BA53-2ED2B053EB51}.Ad-Hoc|x86.Deploy.0 = Ad-Hoc|iPhone
		{274C205B-9CB1-4066-BA53-2ED2B053EB51}.AppStore|Any CPU.ActiveCfg = AppStore|iPhone
		{274C205B-9CB1-4066-BA53-2ED2B053EB51}.AppStore|Any CPU.Build.0 = AppStore|iPhone
		{274C205B-9CB1-4066-BA53-2ED2B053EB51}.AppStore|Any CPU.Deploy.0 = AppStore|iPhone
		{274C205B-9CB1-4066-BA53-2ED2B053EB51}.AppStore|ARM.ActiveCfg = AppStore|iPhone
		{274C205B-9CB1-4066-BA53-2ED2B053EB51}.AppStore|ARM.Build.0 = AppStore|iPhone
		{274C205B-9CB1-4066-BA53-2ED2B053EB51}.AppStore|ARM.Deploy.0 = AppStore|iPhone
		{274C205B-9CB1-4066-BA53-2ED2B053EB51}.AppStore|iPhone.ActiveCfg = AppStore|iPhone
		{274C205B-9CB1-4066-BA53-2ED2B053EB51}.AppStore|iPhone.Build.0 = AppStore|iPhone
		{274C205B-9CB1-4066-BA53-2ED2B053EB51}.AppStore|iPhone.Deploy.0 = AppStore|iPhone
		{274C205B-9CB1-4066-BA53-2ED2B053EB51}.AppStore|iPhoneSimulator.ActiveCfg = AppStore|iPhoneSimulator
		{274C205B-9CB1-4066-BA53-2ED2B053EB51}.AppStore|iPhoneSimulator.Build.0 = AppStore|iPhoneSimulator
		{274C205B-9CB1-4066-BA53-2ED2B053EB51}.AppStore|iPhoneSimulator.Deploy.0 = AppStore|iPhoneSimulator
		{274C205B-9CB1-4066-BA53-2ED2B053EB51}.AppStore|x64.ActiveCfg = AppStore|iPhone
		{274C205B-9CB1-4066-BA53-2ED2B053EB51}.AppStore|x64.Build.0 = AppStore|iPhone
		{274C205B-9CB1-4066-BA53-2ED2B053EB51}.AppStore|x64.Deploy.0 = AppStore|iPhone
		{274C205B-9CB1-4066-BA53-2ED2B053EB51}.AppStore|x86.ActiveCfg = AppStore|iPhone
		{274C205B-9CB1-4066-BA53-2ED2B053EB51}.AppStore|x86.Build.0 = AppStore|iPhone
		{274C205B-9CB1-4066-BA53-2ED2B053EB51}.AppStore|x86.Deploy.0 = AppStore|iPhone
		{274C205B-9CB1-4066-BA53-2ED2B053EB51}.Debug|Any CPU.ActiveCfg = Debug|iPhoneSimulator
		{274C205B-9CB1-4066-BA53-2ED2B053EB51}.Debug|Any CPU.Build.0 = Debug|iPhoneSimulator
		{274C205B-9CB1-4066-BA53-2ED2B053EB51}.Debug|Any CPU.Deploy.0 = Debug|iPhoneSimulator
		{274C205B-9CB1-4066-BA53-2ED2B053EB51}.Debug|ARM.ActiveCfg = Debug|iPhone
		{274C205B-9CB1-4066-BA53-2ED2B053EB51}.Debug|ARM.Build.0 = Debug|iPhone
		{274C205B-9CB1-4066-BA53-2ED2B053EB51}.Debug|ARM.Deploy.0 = Debug|iPhone
		{274C205B-9CB1-4066-BA53-2ED2B053EB51}.Debug|iPhone.ActiveCfg = Debug|iPhone
		{274C205B-9CB1-4066-BA53-2ED2B053EB51}.Debug|iPhone.Build.0 = Debug|iPhone
		{274C205B-9CB1-4066-BA53-2ED2B053EB51}.Debug|iPhone.Deploy.0 = Debug|iPhone
		{274C205B-9CB1-4066-BA53-2ED2B053EB51}.Debug|iPhoneSimulator.ActiveCfg = Debug|iPhoneSimulator
		{274C205B-9CB1-4066-BA53-2ED2B053EB51}.Debug|iPhoneSimulator.Build.0 = Debug|iPhoneSimulator
		{274C205B-9CB1-4066-BA53-2ED2B053EB51}.Debug|iPhoneSimulator.Deploy.0 = Debug|iPhoneSimulator
		{274C205B-9CB1-4066-BA53-2ED2B053EB51}.Debug|x64.ActiveCfg = Debug|iPhone
		{274C205B-9CB1-4066-BA53-2ED2B053EB51}.Debug|x64.Build.0 = Debug|iPhone
		{274C205B-9CB1-4066-BA53-2ED2B053EB51}.Debug|x64.Deploy.0 = Debug|iPhone
		{274C205B-9CB1-4066-BA53-2ED2B053EB51}.Debug|x86.ActiveCfg = Debug|iPhone
		{274C205B-9CB1-4066-BA53-2ED2B053EB51}.Debug|x86.Build.0 = Debug|iPhone
		{274C205B-9CB1-4066-BA53-2ED2B053EB51}.Debug|x86.Deploy.0 = Debug|iPhone
		{274C205B-9CB1-4066-BA53-2ED2B053EB51}.Release|Any CPU.ActiveCfg = Release|iPhone
		{274C205B-9CB1-4066-BA53-2ED2B053EB51}.Release|Any CPU.Build.0 = Release|iPhone
		{274C205B-9CB1-4066-BA53-2ED2B053EB51}.Release|Any CPU.Deploy.0 = Release|iPhone
		{274C205B-9CB1-4066-BA53-2ED2B053EB51}.Release|ARM.ActiveCfg = Release|iPhone
		{274C205B-9CB1-4066-BA53-2ED2B053EB51}.Release|ARM.Build.0 = Release|iPhone
		{274C205B-9CB1-4066-BA53-2ED2B053EB51}.Release|ARM.Deploy.0 = Release|iPhone
		{274C205B-9CB1-4066-BA53-2ED2B053EB51}.Release|iPhone.ActiveCfg = Release|iPhone
		{274C205B-9CB1-4066-BA53-2ED2B053EB51}.Release|iPhone.Build.0 = Release|iPhone
		{274C205B-9CB1-4066-BA53-2ED2B053EB51}.Release|iPhone.Deploy.0 = Release|iPhone
		{274C205B-9CB1-4066-BA53-2ED2B053EB51}.Release|iPhoneSimulator.ActiveCfg = Release|iPhoneSimulator
		{274C205B-9CB1-4066-BA53-2ED2B053EB51}.Release|iPhoneSimulator.Build.0 = Release|iPhoneSimulator
		{274C205B-9CB1-4066-BA53-2ED2B053EB51}.Release|iPhoneSimulator.Deploy.0 = Release|iPhoneSimulator
		{274C205B-9CB1-4066-BA53-2ED2B053EB51}.Release|x64.ActiveCfg = Release|iPhone
		{274C205B-9CB1-4066-BA53-2ED2B053EB51}.Release|x64.Build.0 = Release|iPhone
		{274C205B-9CB1-4066-BA53-2ED2B053EB51}.Release|x64.Deploy.0 = Release|iPhone
		{274C205B-9CB1-4066-BA53-2ED2B053EB51}.Release|x86.ActiveCfg = Release|iPhone
		{274C205B-9CB1-4066-BA53-2ED2B053EB51}.Release|x86.Build.0 = Release|iPhone
		{274C205B-9CB1-4066-BA53-2ED2B053EB51}.Release|x86.Deploy.0 = Release|iPhone
		{9603AE07-60E5-4085-B0F3-306946EEEDC1}.Ad-Hoc|Any CPU.ActiveCfg = Release|x86
		{9603AE07-60E5-4085-B0F3-306946EEEDC1}.Ad-Hoc|Any CPU.Build.0 = Release|x86
		{9603AE07-60E5-4085-B0F3-306946EEEDC1}.Ad-Hoc|Any CPU.Deploy.0 = Release|x86
		{9603AE07-60E5-4085-B0F3-306946EEEDC1}.Ad-Hoc|ARM.ActiveCfg = Release|ARM
		{9603AE07-60E5-4085-B0F3-306946EEEDC1}.Ad-Hoc|ARM.Build.0 = Release|ARM
		{9603AE07-60E5-4085-B0F3-306946EEEDC1}.Ad-Hoc|ARM.Deploy.0 = Release|ARM
		{9603AE07-60E5-4085-B0F3-306946EEEDC1}.Ad-Hoc|iPhone.ActiveCfg = Release|x86
		{9603AE07-60E5-4085-B0F3-306946EEEDC1}.Ad-Hoc|iPhone.Build.0 = Release|x86
		{9603AE07-60E5-4085-B0F3-306946EEEDC1}.Ad-Hoc|iPhone.Deploy.0 = Release|x86
		{9603AE07-60E5-4085-B0F3-306946EEEDC1}.Ad-Hoc|iPhoneSimulator.ActiveCfg = Release|x86
		{9603AE07-60E5-4085-B0F3-306946EEEDC1}.Ad-Hoc|iPhoneSimulator.Build.0 = Release|x86
		{9603AE07-60E5-4085-B0F3-306946EEEDC1}.Ad-Hoc|iPhoneSimulator.Deploy.0 = Release|x86
		{9603AE07-60E5-4085-B0F3-306946EEEDC1}.Ad-Hoc|x64.ActiveCfg = Release|x64
		{9603AE07-60E5-4085-B0F3-306946EEEDC1}.Ad-Hoc|x64.Build.0 = Release|x64
		{9603AE07-60E5-4085-B0F3-306946EEEDC1}.Ad-Hoc|x64.Deploy.0 = Release|x64
		{9603AE07-60E5-4085-B0F3-306946EEEDC1}.Ad-Hoc|x86.ActiveCfg = Release|x86
		{9603AE07-60E5-4085-B0F3-306946EEEDC1}.Ad-Hoc|x86.Build.0 = Release|x86
		{9603AE07-60E5-4085-B0F3-306946EEEDC1}.Ad-Hoc|x86.Deploy.0 = Release|x86
		{9603AE07-60E5-4085-B0F3-306946EEEDC1}.AppStore|Any CPU.ActiveCfg = Release|x86
		{9603AE07-60E5-4085-B0F3-306946EEEDC1}.AppStore|Any CPU.Build.0 = Release|x86
		{9603AE07-60E5-4085-B0F3-306946EEEDC1}.AppStore|Any CPU.Deploy.0 = Release|x86
		{9603AE07-60E5-4085-B0F3-306946EEEDC1}.AppStore|ARM.ActiveCfg = Release|ARM
		{9603AE07-60E5-4085-B0F3-306946EEEDC1}.AppStore|ARM.Build.0 = Release|ARM
		{9603AE07-60E5-4085-B0F3-306946EEEDC1}.AppStore|ARM.Deploy.0 = Release|ARM
		{9603AE07-60E5-4085-B0F3-306946EEEDC1}.AppStore|iPhone.ActiveCfg = Release|x86
		{9603AE07-60E5-4085-B0F3-306946EEEDC1}.AppStore|iPhone.Build.0 = Release|x86
		{9603AE07-60E5-4085-B0F3-306946EEEDC1}.AppStore|iPhone.Deploy.0 = Release|x86
		{9603AE07-60E5-4085-B0F3-306946EEEDC1}.AppStore|iPhoneSimulator.ActiveCfg = Release|x86
		{9603AE07-60E5-4085-B0F3-306946EEEDC1}.AppStore|iPhoneSimulator.Build.0 = Release|x86
		{9603AE07-60E5-4085-B0F3-306946EEEDC1}.AppStore|iPhoneSimulator.Deploy.0 = Release|x86
		{9603AE07-60E5-4085-B0F3-306946EEEDC1}.AppStore|x64.ActiveCfg = Release|x64
		{9603AE07-60E5-4085-B0F3-306946EEEDC1}.AppStore|x64.Build.0 = Release|x64
		{9603AE07-60E5-4085-B0F3-306946EEEDC1}.AppStore|x64.Deploy.0 = Release|x64
		{9603AE07-60E5-4085-B0F3-306946EEEDC1}.AppStore|x86.ActiveCfg = Release|x86
		{9603AE07-60E5-4085-B0F3-306946EEEDC1}.AppStore|x86.Build.0 = Release|x86
		{9603AE07-60E5-4085-B0F3-306946EEEDC1}.AppStore|x86.Deploy.0 = Release|x86
		{9603AE07-60E5-4085-B0F3-306946EEEDC1}.Debug|Any CPU.ActiveCfg = Debug|x86
		{9603AE07-60E5-4085-B0F3-306946EEEDC1}.Debug|Any CPU.Build.0 = Debug|x86
		{9603AE07-60E5-4085-B0F3-306946EEEDC1}.Debug|Any CPU.Deploy.0 = Debug|x86
		{9603AE07-60E5-4085-B0F3-306946EEEDC1}.Debug|ARM.ActiveCfg = Debug|ARM
		{9603AE07-60E5-4085-B0F3-306946EEEDC1}.Debug|ARM.Build.0 = Debug|ARM
		{9603AE07-60E5-4085-B0F3-306946EEEDC1}.Debug|ARM.Deploy.0 = Debug|ARM
		{9603AE07-60E5-4085-B0F3-306946EEEDC1}.Debug|iPhone.ActiveCfg = Debug|x86
		{9603AE07-60E5-4085-B0F3-306946EEEDC1}.Debug|iPhone.Build.0 = Debug|x86
		{9603AE07-60E5-4085-B0F3-306946EEEDC1}.Debug|iPhone.Deploy.0 = Debug|x86
		{9603AE07-60E5-4085-B0F3-306946EEEDC1}.Debug|iPhoneSimulator.ActiveCfg = Debug|x86
		{9603AE07-60E5-4085-B0F3-306946EEEDC1}.Debug|iPhoneSimulator.Build.0 = Debug|x86
		{9603AE07-60E5-4085-B0F3-306946EEEDC1}.Debug|iPhoneSimulator.Deploy.0 = Debug|x86
		{9603AE07-60E5-4085-B0F3-306946EEEDC1}.Debug|x64.ActiveCfg = Debug|x64
		{9603AE07-60E5-4085-B0F3-306946EEEDC1}.Debug|x64.Build.0 = Debug|x64
		{9603AE07-60E5-4085-B0F3-306946EEEDC1}.Debug|x64.Deploy.0 = Debug|x64
		{9603AE07-60E5-4085-B0F3-306946EEEDC1}.Debug|x86.ActiveCfg = Debug|x86
		{9603AE07-60E5-4085-B0F3-306946EEEDC1}.Debug|x86.Build.0 = Debug|x86
		{9603AE07-60E5-4085-B0F3-306946EEEDC1}.Debug|x86.Deploy.0 = Debug|x86
		{9603AE07-60E5-4085-B0F3-306946EEEDC1}.Release|Any CPU.ActiveCfg = Release|x86
		{9603AE07-60E5-4085-B0F3-306946EEEDC1}.Release|Any CPU.Build.0 = Release|x86
		{9603AE07-60E5-4085-B0F3-306946EEEDC1}.Release|Any CPU.Deploy.0 = Release|x86
		{9603AE07-60E5-4085-B0F3-306946EEEDC1}.Release|ARM.ActiveCfg = Release|ARM
		{9603AE07-60E5-4085-B0F3-306946EEEDC1}.Release|ARM.Build.0 = Release|ARM
		{9603AE07-60E5-4085-B0F3-306946EEEDC1}.Release|ARM.Deploy.0 = Release|ARM
		{9603AE07-60E5-4085-B0F3-306946EEEDC1}.Release|iPhone.ActiveCfg = Release|x86
		{9603AE07-60E5-4085-B0F3-306946EEEDC1}.Release|iPhone.Build.0 = Release|x86
		{9603AE07-60E5-4085-B0F3-306946EEEDC1}.Release|iPhone.Deploy.0 = Release|x86
		{9603AE07-60E5-4085-B0F3-306946EEEDC1}.Release|iPhoneSimulator.ActiveCfg = Release|x86
		{9603AE07-60E5-4085-B0F3-306946EEEDC1}.Release|iPhoneSimulator.Build.0 = Release|x86
		{9603AE07-60E5-4085-B0F3-306946EEEDC1}.Release|iPhoneSimulator.Deploy.0 = Release|x86
		{9603AE07-60E5-4085-B0F3-306946EEEDC1}.Release|x64.ActiveCfg = Release|x64
		{9603AE07-60E5-4085-B0F3-306946EEEDC1}.Release|x64.Build.0 = Release|x64
		{9603AE07-60E5-4085-B0F3-306946EEEDC1}.Release|x64.Deploy.0 = Release|x64
		{9603AE07-60E5-4085-B0F3-306946EEEDC1}.Release|x86.ActiveCfg = Release|x86
		{9603AE07-60E5-4085-B0F3-306946EEEDC1}.Release|x86.Build.0 = Release|x86
		{9603AE07-60E5-4085-B0F3-306946EEEDC1}.Release|x86.Deploy.0 = Release|x86
		{6867C8BE-4D87-4CFB-B906-C25CF48F4683}.Ad-Hoc|Any CPU.ActiveCfg = Debug|Any CPU
		{6867C8BE-4D87-4CFB-B906-C25CF48F4683}.Ad-Hoc|Any CPU.Build.0 = Debug|Any CPU
		{6867C8BE-4D87-4CFB-B906-C25CF48F4683}.Ad-Hoc|Any CPU.Deploy.0 = Debug|Any CPU
		{6867C8BE-4D87-4CFB-B906-C25CF48F4683}.Ad-Hoc|ARM.ActiveCfg = Debug|Any CPU
		{6867C8BE-4D87-4CFB-B906-C25CF48F4683}.Ad-Hoc|ARM.Build.0 = Debug|Any CPU
		{6867C8BE-4D87-4CFB-B906-C25CF48F4683}.Ad-Hoc|ARM.Deploy.0 = Debug|Any CPU
		{6867C8BE-4D87-4CFB-B906-C25CF48F4683}.Ad-Hoc|iPhone.ActiveCfg = Debug|Any CPU
		{6867C8BE-4D87-4CFB-B906-C25CF48F4683}.Ad-Hoc|iPhone.Build.0 = Debug|Any CPU
		{6867C8BE-4D87-4CFB-B906-C25CF48F4683}.Ad-Hoc|iPhone.Deploy.0 = Debug|Any CPU
		{6867C8BE-4D87-4CFB-B906-C25CF48F4683}.Ad-Hoc|iPhoneSimulator.ActiveCfg = Debug|Any CPU
		{6867C8BE-4D87-4CFB-B906-C25CF48F4683}.Ad-Hoc|iPhoneSimulator.Build.0 = Debug|Any CPU
		{6867C8BE-4D87-4CFB-B906-C25CF48F4683}.Ad-Hoc|iPhoneSimulator.Deploy.0 = Debug|Any CPU
		{6867C8BE-4D87-4CFB-B906-C25CF48F4683}.Ad-Hoc|x64.ActiveCfg = Debug|Any CPU
		{6867C8BE-4D87-4CFB-B906-C25CF48F4683}.Ad-Hoc|x64.Build.0 = Debug|Any CPU
		{6867C8BE-4D87-4CFB-B906-C25CF48F4683}.Ad-Hoc|x64.Deploy.0 = Debug|Any CPU
		{6867C8BE-4D87-4CFB-B906-C25CF48F4683}.Ad-Hoc|x86.ActiveCfg = Debug|Any CPU
		{6867C8BE-4D87-4CFB-B906-C25CF48F4683}.Ad-Hoc|x86.Build.0 = Debug|Any CPU
		{6867C8BE-4D87-4CFB-B906-C25CF48F4683}.Ad-Hoc|x86.Deploy.0 = Debug|Any CPU
		{6867C8BE-4D87-4CFB-B906-C25CF48F4683}.AppStore|Any CPU.ActiveCfg = Debug|Any CPU
		{6867C8BE-4D87-4CFB-B906-C25CF48F4683}.AppStore|Any CPU.Build.0 = Debug|Any CPU
		{6867C8BE-4D87-4CFB-B906-C25CF48F4683}.AppStore|Any CPU.Deploy.0 = Debug|Any CPU
		{6867C8BE-4D87-4CFB-B906-C25CF48F4683}.AppStore|ARM.ActiveCfg = Debug|Any CPU
		{6867C8BE-4D87-4CFB-B906-C25CF48F4683}.AppStore|ARM.Build.0 = Debug|Any CPU
		{6867C8BE-4D87-4CFB-B906-C25CF48F4683}.AppStore|ARM.Deploy.0 = Debug|Any CPU
		{6867C8BE-4D87-4CFB-B906-C25CF48F4683}.AppStore|iPhone.ActiveCfg = Debug|Any CPU
		{6867C8BE-4D87-4CFB-B906-C25CF48F4683}.AppStore|iPhone.Build.0 = Debug|Any CPU
		{6867C8BE-4D87-4CFB-B906-C25CF48F4683}.AppStore|iPhone.Deploy.0 = Debug|Any CPU
		{6867C8BE-4D87-4CFB-B906-C25CF48F4683}.AppStore|iPhoneSimulator.ActiveCfg = Debug|Any CPU
		{6867C8BE-4D87-4CFB-B906-C25CF48F4683}.AppStore|iPhoneSimulator.Build.0 = Debug|Any CPU
		{6867C8BE-4D87-4CFB-B906-C25CF48F4683}.AppStore|iPhoneSimulator.Deploy.0 = Debug|Any CPU
		{6867C8BE-4D87-4CFB-B906-C25CF48F4683}.AppStore|x64.ActiveCfg = Debug|Any CPU
		{6867C8BE-4D87-4CFB-B906-C25CF48F4683}.AppStore|x64.Build.0 = Debug|Any CPU
		{6867C8BE-4D87-4CFB-B906-C25CF48F4683}.AppStore|x64.Deploy.0 = Debug|Any CPU
		{6867C8BE-4D87-4CFB-B906-C25CF48F4683}.AppStore|x86.ActiveCfg = Debug|Any CPU
		{6867C8BE-4D87-4CFB-B906-C25CF48F4683}.AppStore|x86.Build.0 = Debug|Any CPU
		{6867C8BE-4D87-4CFB-B906-C25CF48F4683}.AppStore|x86.Deploy.0 = Debug|Any CPU
		{6867C8BE-4D87-4CFB-B906-C25CF48F4683}.Debug|Any CPU.ActiveCfg = Debug|Any CPU
		{6867C8BE-4D87-4CFB-B906-C25CF48F4683}.Debug|Any CPU.Build.0 = Debug|Any CPU
		{6867C8BE-4D87-4CFB-B906-C25CF48F4683}.Debug|Any CPU.Deploy.0 = Debug|Any CPU
		{6867C8BE-4D87-4CFB-B906-C25CF48F4683}.Debug|ARM.ActiveCfg = Debug|Any CPU
		{6867C8BE-4D87-4CFB-B906-C25CF48F4683}.Debug|ARM.Build.0 = Debug|Any CPU
		{6867C8BE-4D87-4CFB-B906-C25CF48F4683}.Debug|ARM.Deploy.0 = Debug|Any CPU
		{6867C8BE-4D87-4CFB-B906-C25CF48F4683}.Debug|iPhone.ActiveCfg = Debug|Any CPU
		{6867C8BE-4D87-4CFB-B906-C25CF48F4683}.Debug|iPhone.Build.0 = Debug|Any CPU
		{6867C8BE-4D87-4CFB-B906-C25CF48F4683}.Debug|iPhone.Deploy.0 = Debug|Any CPU
		{6867C8BE-4D87-4CFB-B906-C25CF48F4683}.Debug|iPhoneSimulator.ActiveCfg = Debug|Any CPU
		{6867C8BE-4D87-4CFB-B906-C25CF48F4683}.Debug|iPhoneSimulator.Build.0 = Debug|Any CPU
		{6867C8BE-4D87-4CFB-B906-C25CF48F4683}.Debug|iPhoneSimulator.Deploy.0 = Debug|Any CPU
		{6867C8BE-4D87-4CFB-B906-C25CF48F4683}.Debug|x64.ActiveCfg = Debug|Any CPU
		{6867C8BE-4D87-4CFB-B906-C25CF48F4683}.Debug|x64.Build.0 = Debug|Any CPU
		{6867C8BE-4D87-4CFB-B906-C25CF48F4683}.Debug|x64.Deploy.0 = Debug|Any CPU
		{6867C8BE-4D87-4CFB-B906-C25CF48F4683}.Debug|x86.ActiveCfg = Debug|Any CPU
		{6867C8BE-4D87-4CFB-B906-C25CF48F4683}.Debug|x86.Build.0 = Debug|Any CPU
		{6867C8BE-4D87-4CFB-B906-C25CF48F4683}.Debug|x86.Deploy.0 = Debug|Any CPU
		{6867C8BE-4D87-4CFB-B906-C25CF48F4683}.Release|Any CPU.ActiveCfg = Release|Any CPU
		{6867C8BE-4D87-4CFB-B906-C25CF48F4683}.Release|Any CPU.Build.0 = Release|Any CPU
		{6867C8BE-4D87-4CFB-B906-C25CF48F4683}.Release|Any CPU.Deploy.0 = Release|Any CPU
		{6867C8BE-4D87-4CFB-B906-C25CF48F4683}.Release|ARM.ActiveCfg = Release|Any CPU
		{6867C8BE-4D87-4CFB-B906-C25CF48F4683}.Release|ARM.Build.0 = Release|Any CPU
		{6867C8BE-4D87-4CFB-B906-C25CF48F4683}.Release|ARM.Deploy.0 = Release|Any CPU
		{6867C8BE-4D87-4CFB-B906-C25CF48F4683}.Release|iPhone.ActiveCfg = Release|Any CPU
		{6867C8BE-4D87-4CFB-B906-C25CF48F4683}.Release|iPhone.Build.0 = Release|Any CPU
		{6867C8BE-4D87-4CFB-B906-C25CF48F4683}.Release|iPhone.Deploy.0 = Release|Any CPU
		{6867C8BE-4D87-4CFB-B906-C25CF48F4683}.Release|iPhoneSimulator.ActiveCfg = Release|Any CPU
		{6867C8BE-4D87-4CFB-B906-C25CF48F4683}.Release|iPhoneSimulator.Build.0 = Release|Any CPU
		{6867C8BE-4D87-4CFB-B906-C25CF48F4683}.Release|iPhoneSimulator.Deploy.0 = Release|Any CPU
		{6867C8BE-4D87-4CFB-B906-C25CF48F4683}.Release|x64.ActiveCfg = Release|Any CPU
		{6867C8BE-4D87-4CFB-B906-C25CF48F4683}.Release|x64.Build.0 = Release|Any CPU
		{6867C8BE-4D87-4CFB-B906-C25CF48F4683}.Release|x64.Deploy.0 = Release|Any CPU
		{6867C8BE-4D87-4CFB-B906-C25CF48F4683}.Release|x86.ActiveCfg = Release|Any CPU
		{6867C8BE-4D87-4CFB-B906-C25CF48F4683}.Release|x86.Build.0 = Release|Any CPU
		{6867C8BE-4D87-4CFB-B906-C25CF48F4683}.Release|x86.Deploy.0 = Release|Any CPU
	EndGlobalSection
	GlobalSection(SolutionProperties) = preSolution
		HideSolutionNode = FALSE
	EndGlobalSection
	GlobalSection(ExtensibilityGlobals) = postSolution
		SolutionGuid = {5A8EC17C-ECB3-4299-AF98-27DF71A4CE80}
	EndGlobalSection
EndGlobal
